{
  "version": 4,
  "terraform_version": "1.3.6",
  "serial": 117,
  "lineage": "ceeb5c53-cc5a-36de-b1ce-874e187fb6da",
  "outputs": {},
  "resources": [
    {
      "mode": "managed",
      "type": "google_compute_firewall",
      "name": "allow_http",
      "provider": "provider[\"registry.terraform.io/hashicorp/google\"]",
      "instances": [
        {
          "schema_version": 1,
          "attributes": {
            "allow": [
              {
                "ports": [
                  "80"
                ],
                "protocol": "tcp"
              }
            ],
            "creation_timestamp": "2023-01-17T01:10:52.199-08:00",
            "deny": [],
            "description": "",
            "destination_ranges": [],
            "direction": "INGRESS",
            "disabled": false,
            "enable_logging": null,
            "id": "projects/codemite-gcp-assignment/global/firewalls/allow-http",
            "log_config": [],
            "name": "allow-http",
            "network": "https://www.googleapis.com/compute/v1/projects/codemite-gcp-assignment/global/networks/default",
            "priority": 1000,
            "project": "codemite-gcp-assignment",
            "self_link": "https://www.googleapis.com/compute/v1/projects/codemite-gcp-assignment/global/firewalls/allow-http",
            "source_ranges": [
              "0.0.0.0/0"
            ],
            "source_service_accounts": null,
            "source_tags": null,
            "target_service_accounts": null,
            "target_tags": null,
            "timeouts": null
          },
          "sensitive_attributes": [],
          "private": "eyJlMmJmYjczMC1lY2FhLTExZTYtOGY4OC0zNDM2M2JjN2M0YzAiOnsiY3JlYXRlIjoxMjAwMDAwMDAwMDAwLCJkZWxldGUiOjEyMDAwMDAwMDAwMDAsInVwZGF0ZSI6MTIwMDAwMDAwMDAwMH0sInNjaGVtYV92ZXJzaW9uIjoiMSJ9"
        }
      ]
    },
    {
      "mode": "managed",
      "type": "google_compute_instance",
      "name": "example",
      "provider": "provider[\"registry.terraform.io/hashicorp/google\"]",
      "instances": [
        {
          "schema_version": 6,
          "attributes": {
            "advanced_machine_features": [],
            "allow_stopping_for_update": null,
            "attached_disk": [],
            "boot_disk": [
              {
                "auto_delete": true,
                "device_name": "persistent-disk-0",
                "disk_encryption_key_raw": "",
                "disk_encryption_key_sha256": "",
                "initialize_params": [
                  {
                    "image": "https://www.googleapis.com/compute/v1/projects/ubuntu-os-cloud/global/images/ubuntu-1804-bionic-v20230112",
                    "labels": {},
                    "size": 10,
                    "type": "pd-standard"
                  }
                ],
                "kms_key_self_link": "",
                "mode": "READ_WRITE",
                "source": "https://www.googleapis.com/compute/v1/projects/codemite-gcp-assignment/zones/asia-east1-b/disks/example"
              }
            ],
            "can_ip_forward": false,
            "confidential_instance_config": [],
            "cpu_platform": "Intel Broadwell",
            "current_status": "RUNNING",
            "deletion_protection": false,
            "description": "",
            "desired_status": null,
            "enable_display": false,
            "guest_accelerator": [],
            "hostname": "",
            "id": "projects/codemite-gcp-assignment/zones/asia-east1-b/instances/example",
            "instance_id": "6736185165005485299",
            "label_fingerprint": "42WmSpB8rSM=",
            "labels": {},
            "machine_type": "e2-small",
            "metadata": {
              "startup-script": "      #!/bin/bash\r\n      # Install necessary packages\r\n      apt-get update\r\n      sudo apt-get install -y apache2 php\r\n      # Deploying the application\r\n      nano index.php\r\n      \u003c?php\r\n// Connect to Cloud SQL\r\n$host = 'google_sql_database_instance';\r\n$db = 'example-instance';\r\n$user = 'myuser';\r\n$password = 'mypassword';\r\n$charset = 'utf8mb4';\r\n$dsn = \"mysqli:host=$host;dbname=$db;charset=$charset\";\r\n$options = [\r\n    PDO::ATTR_ERRMODE =\u003e PDO::ERRMODE_EXCEPTION,\r\n    PDO::ATTR_DEFAULT_FETCH_MODE =\u003e PDO::FETCH_ASSOC,\r\n    PDO::ATTR_EMULATE_PREPARES =\u003e false,\r\n];\r\ntry {\r\n    $pdo = new PDO($dsn, $user, $password, $options);\r\n} catch (\\PDOException $e) {\r\n    throw new \\PDOException($e-\u003egetMessage(), (int)$e-\u003egetCode());\r\n}\r\n\r\n// Add new todo\r\nif ($_SERVER['REQUEST_METHOD'] === 'POST' \u0026\u0026 $_POST['action'] === 'add') {\r\n    $stmt = $pdo-\u003eprepare('INSERT INTO todos (task) VALUES (?)');\r\n    $stmt-\u003eexecute([$_POST['task']]);\r\n}\r\n\r\n// Remove existing todo\r\nif ($_SERVER['REQUEST_METHOD'] === 'POST' \u0026\u0026 $_POST['action'] === 'remove') {\r\n    $stmt = $pdo-\u003eprepare('DELETE FROM todos WHERE id = ?');\r\n    $stmt-\u003eexecute([$_POST['id']]);\r\n}\r\n\r\n// List existing todos\r\nif ($_SERVER['REQUEST_METHOD'] === 'GET' \u0026\u0026 $_GET['action'] === 'list') {\r\n    $stmt = $pdo-\u003eprepare('SELECT * FROM todos');\r\n    $stmt-\u003eexecute();\r\n    $todos = $stmt-\u003efetchAll();\r\n    echo json_encode($todos);\r\n}\r\n\r\n      sudo mv index.php /var/www/html\r\n      sudo apt install php\r\n      sudo systemctl restart apache2\r\n"
            },
            "metadata_fingerprint": "ByvVGMcPKlw=",
            "metadata_startup_script": null,
            "min_cpu_platform": "",
            "name": "example",
            "network_interface": [
              {
                "access_config": [
                  {
                    "nat_ip": "35.201.174.98",
                    "network_tier": "PREMIUM",
                    "public_ptr_domain_name": ""
                  }
                ],
                "alias_ip_range": [],
                "ipv6_access_config": [],
                "ipv6_access_type": "",
                "name": "nic0",
                "network": "https://www.googleapis.com/compute/v1/projects/codemite-gcp-assignment/global/networks/default",
                "network_ip": "10.140.0.3",
                "nic_type": "",
                "queue_count": 0,
                "stack_type": "IPV4_ONLY",
                "subnetwork": "https://www.googleapis.com/compute/v1/projects/codemite-gcp-assignment/regions/asia-east1/subnetworks/default",
                "subnetwork_project": "codemite-gcp-assignment"
              }
            ],
            "project": "codemite-gcp-assignment",
            "reservation_affinity": [],
            "resource_policies": [],
            "scheduling": [
              {
                "automatic_restart": true,
                "instance_termination_action": "",
                "min_node_cpus": 0,
                "node_affinities": [],
                "on_host_maintenance": "MIGRATE",
                "preemptible": false,
                "provisioning_model": "STANDARD"
              }
            ],
            "scratch_disk": [],
            "self_link": "https://www.googleapis.com/compute/v1/projects/codemite-gcp-assignment/zones/asia-east1-b/instances/example",
            "service_account": [],
            "shielded_instance_config": [
              {
                "enable_integrity_monitoring": true,
                "enable_secure_boot": false,
                "enable_vtpm": true
              }
            ],
            "tags": [],
            "tags_fingerprint": "42WmSpB8rSM=",
            "timeouts": null,
            "zone": "asia-east1-b"
          },
          "sensitive_attributes": [],
          "private": "eyJlMmJmYjczMC1lY2FhLTExZTYtOGY4OC0zNDM2M2JjN2M0YzAiOnsiY3JlYXRlIjoxMjAwMDAwMDAwMDAwLCJkZWxldGUiOjEyMDAwMDAwMDAwMDAsInVwZGF0ZSI6MTIwMDAwMDAwMDAwMH0sInNjaGVtYV92ZXJzaW9uIjoiNiJ9"
        }
      ]
    },
    {
      "mode": "managed",
      "type": "google_sql_database_instance",
      "name": "example",
      "provider": "provider[\"registry.terraform.io/hashicorp/google\"]",
      "instances": [
        {
          "schema_version": 0,
          "attributes": {
            "available_maintenance_versions": [],
            "clone": [],
            "connection_name": "codemite-gcp-assignment:asia-east1:example-instance",
            "database_version": "MYSQL_5_7",
            "deletion_protection": true,
            "encryption_key_name": null,
            "first_ip_address": "34.81.52.22",
            "id": "example-instance",
            "ip_address": [
              {
                "ip_address": "34.81.52.22",
                "time_to_retire": "",
                "type": "PRIMARY"
              }
            ],
            "maintenance_version": "MYSQL_5_7_39.R20221108.00_02",
            "master_instance_name": "",
            "name": "example-instance",
            "private_ip_address": "",
            "project": "codemite-gcp-assignment",
            "public_ip_address": "34.81.52.22",
            "region": "asia-east1",
            "replica_configuration": [],
            "restore_backup_context": [],
            "root_password": null,
            "self_link": "https://sqladmin.googleapis.com/sql/v1beta4/projects/codemite-gcp-assignment/instances/example-instance",
            "server_ca_cert": [
              {
                "cert": "-----BEGIN CERTIFICATE-----\nMIIDfzCCAmegAwIBAgIBADANBgkqhkiG9w0BAQsFADB3MS0wKwYDVQQuEyQ5OTdk\nZDk2My04MTMyLTRmMzAtOGJhNy1kZjhiZjI0YmIwYWExIzAhBgNVBAMTGkdvb2ds\nZSBDbG91ZCBTUUwgU2VydmVyIENBMRQwEgYDVQQKEwtHb29nbGUsIEluYzELMAkG\nA1UEBhMCVVMwHhcNMjMwMTE2MjIwNTQ3WhcNMzMwMTEzMjIwNjQ3WjB3MS0wKwYD\nVQQuEyQ5OTdkZDk2My04MTMyLTRmMzAtOGJhNy1kZjhiZjI0YmIwYWExIzAhBgNV\nBAMTGkdvb2dsZSBDbG91ZCBTUUwgU2VydmVyIENBMRQwEgYDVQQKEwtHb29nbGUs\nIEluYzELMAkGA1UEBhMCVVMwggEiMA0GCSqGSIb3DQEBAQUAA4IBDwAwggEKAoIB\nAQDHlH1L6jwxayIKh8uvf+VPlw5TRaH82aCVY+pEUij1f1LsAeL5MMdl1oqX+KR7\ng1af23CzWukzn+jPQ+WlFnzY4xgPmAMNULmXstg3KyiYW37rdYiXl5AZR5BGVtLj\nKq5FroJ231I3EL9B6Seyb1gI/LkKdfv3vDGPsg/rezCvNw/eGG2no5akKrjw9Icv\nJr8DsvY/BfMs3GBDk5s86WFJ1Q0xIXgTxexIyhTyGFffYRxMRpIpD1cPZFx9ae8O\nt3bkI1DDtrk3reWU7lKOoF7AficX4FYMYkLLmQWsV0NLl/KknKSof38dWQez8vSP\n3p7KjbiqciqRvznuoRjoXTCfAgMBAAGjFjAUMBIGA1UdEwEB/wQIMAYBAf8CAQAw\nDQYJKoZIhvcNAQELBQADggEBAEN5qL/udZKhJatLbnAMzCy4JLhCXql1Tb+7o2Ub\n4GMG+2qo/FsKaZytXHt34fTGVHtIUYiV9zxynsf4ZeoO02q9iBaApKmrz6CcR36t\ni6FUHX4NQGx6Qu/hWHI4R2TssH004Lpg2MAdeoC1bnYmei4/jumpYKC0vaP+UDqd\nEMTUKAdMEpGEPxN4WyU6+6OheXsuHKfIcZ7BsWdN7wr0HTh4jGzkGD2i80FP9eox\n/9o8eYRqQLt+tbwo1ziQUnkfIO9ecRQ3425fAcUJp1AZlBmsOqrR37sDfQMbEpCv\nBm+HrIB8fd5rzokePsIC9u4FxDSLYsiYwbx2qXfxiXgbSPk=\n-----END CERTIFICATE-----",
                "common_name": "C=US,O=Google\\, Inc,CN=Google Cloud SQL Server CA,dnQualifier=997dd963-8132-4f30-8ba7-df8bf24bb0aa",
                "create_time": "2023-01-16T22:05:47.744Z",
                "expiration_time": "2033-01-13T22:06:47.744Z",
                "sha1_fingerprint": "c653ca7cd8e43f188bb1ecf964c45dceaa4d53bb"
              }
            ],
            "service_account_email_address": "p137245748867-uxv6w6@gcp-sa-cloud-sql.iam.gserviceaccount.com",
            "settings": [
              {
                "activation_policy": "ALWAYS",
                "active_directory_config": [],
                "availability_type": "ZONAL",
                "backup_configuration": [
                  {
                    "backup_retention_settings": [
                      {
                        "retained_backups": 7,
                        "retention_unit": "COUNT"
                      }
                    ],
                    "binary_log_enabled": false,
                    "enabled": true,
                    "location": "",
                    "point_in_time_recovery_enabled": false,
                    "start_time": "04:00",
                    "transaction_log_retention_days": 7
                  }
                ],
                "collation": "",
                "connector_enforcement": "NOT_REQUIRED",
                "database_flags": [],
                "deletion_protection_enabled": false,
                "deny_maintenance_period": [],
                "disk_autoresize": true,
                "disk_autoresize_limit": 0,
                "disk_size": 10,
                "disk_type": "PD_SSD",
                "insights_config": [],
                "ip_configuration": [
                  {
                    "allocated_ip_range": "",
                    "authorized_networks": [
                      {
                        "expiration_time": "",
                        "name": "my ",
                        "value": "35.201.174.98"
                      }
                    ],
                    "ipv4_enabled": true,
                    "private_network": "",
                    "require_ssl": false
                  }
                ],
                "location_preference": [
                  {
                    "follow_gae_application": "",
                    "secondary_zone": "",
                    "zone": "asia-east1-a"
                  }
                ],
                "maintenance_window": [],
                "password_validation_policy": [],
                "pricing_plan": "PER_USE",
                "sql_server_audit_config": [],
                "tier": "db-n1-standard-1",
                "time_zone": "",
                "user_labels": {},
                "version": 3
              }
            ],
            "timeouts": null
          },
          "sensitive_attributes": [],
          "private": "eyJlMmJmYjczMC1lY2FhLTExZTYtOGY4OC0zNDM2M2JjN2M0YzAiOnsiY3JlYXRlIjoxODAwMDAwMDAwMDAwLCJkZWxldGUiOjE4MDAwMDAwMDAwMDAsInVwZGF0ZSI6MTgwMDAwMDAwMDAwMH19"
        }
      ]
    }
  ],
  "check_results": null
}
